
Microsoft Visual Studio Solution File, Format Version 12.00
# Visual Studio Version 17
VisualStudioVersion = 17.14.36804.6
MinimumVisualStudioVersion = 10.0.40219.1
Project("{8BC9CEB8-8B4A-11D0-8D11-00A0C91BC942}") = "Program", "Program.vcxproj", "{ABC2BD57-AE01-41D5-BF34-866CA2B8EEAF}"
EndProject
Project("{8BC9CEB8-8B4A-11D0-8D11-00A0C91BC942}") = "Class1th (Stream)", "..\Class1th (Stream)\Class1th (Stream).vcxproj", "{2E2D517E-A251-478B-9E16-B49438249849}"
EndProject
Project("{8BC9CEB8-8B4A-11D0-8D11-00A0C91BC942}") = "Class2th (Class)", "..\Class2th (Class)\Class2th (Class).vcxproj", "{D5519438-A46B-4D08-B53A-7C990F6135D1}"
EndProject
Project("{8BC9CEB8-8B4A-11D0-8D11-00A0C91BC942}") = "Class3th (Constructor & Destructor)", "..\Class3th (Constructor & Destructor)\Class3th (Constructor & Destructor).vcxproj", "{A3984CA4-3C66-4F83-AEA7-2E214B43F820}"
EndProject
Project("{8BC9CEB8-8B4A-11D0-8D11-00A0C91BC942}") = "Class4th (Inheritance)", "..\Class4th (Inheritance)\Class4th (Inheritance).vcxproj", "{BB4A7243-33B9-4793-91E0-7DF13785EFBE}"
EndProject
Project("{8BC9CEB8-8B4A-11D0-8D11-00A0C91BC942}") = "Class5th (Polymorphism)", "..\Class5th (Polymorphism)\Class5th (Polymorphism).vcxproj", "{61B88443-8A15-42A4-8A07-59A6810BC7FB}"
EndProject
Project("{8BC9CEB8-8B4A-11D0-8D11-00A0C91BC942}") = "Class6th (Abstract)", "..\Class6th (Abstract)\Class6th (Abstract).vcxproj", "{113308C7-88B4-48B1-A6E2-E97B92322F5D}"
EndProject
Project("{8BC9CEB8-8B4A-11D0-8D11-00A0C91BC942}") = "Class7th (Encapsulation)", "..\Class7th (Encapsulation)\Class7th (Encapsulation).vcxproj", "{D52E6F8D-9FA8-4432-911A-44C3A6C4D4AF}"
EndProject
Project("{8BC9CEB8-8B4A-11D0-8D11-00A0C91BC942}") = "Class8th (Template)", "..\Class8th (Template)\Class8th (Template).vcxproj", "{D3F2FDF9-AFF4-4429-8EE0-BECDF6E08E62}"
EndProject
Project("{8BC9CEB8-8B4A-11D0-8D11-00A0C91BC942}") = "Class9th", "..\Class9th\Class9th.vcxproj", "{0E3F6B9C-41C6-4966-8B75-F508ABE8960F}"
EndProject
Project("{8BC9CEB8-8B4A-11D0-8D11-00A0C91BC942}") = "Class10th (Linear Container)", "..\Class10th (Linear Container)\Class10th (Linear Container).vcxproj", "{2E2596A7-ED19-4BBF-9309-BEF17804E292}"
EndProject
Project("{8BC9CEB8-8B4A-11D0-8D11-00A0C91BC942}") = "Class11th (Container Adapter)", "..\Class11th (Container Adapter)\Class11th (Container Adapter).vcxproj", "{F8DC6797-A800-4EDA-8C44-8406B630DE2C}"
EndProject
Global
	GlobalSection(SolutionConfigurationPlatforms) = preSolution
		Debug|x64 = Debug|x64
		Debug|x86 = Debug|x86
		Release|x64 = Release|x64
		Release|x86 = Release|x86
	EndGlobalSection
	GlobalSection(ProjectConfigurationPlatforms) = postSolution
		{ABC2BD57-AE01-41D5-BF34-866CA2B8EEAF}.Debug|x64.ActiveCfg = Debug|x64
		{ABC2BD57-AE01-41D5-BF34-866CA2B8EEAF}.Debug|x64.Build.0 = Debug|x64
		{ABC2BD57-AE01-41D5-BF34-866CA2B8EEAF}.Debug|x86.ActiveCfg = Debug|Win32
		{ABC2BD57-AE01-41D5-BF34-866CA2B8EEAF}.Debug|x86.Build.0 = Debug|Win32
		{ABC2BD57-AE01-41D5-BF34-866CA2B8EEAF}.Release|x64.ActiveCfg = Release|x64
		{ABC2BD57-AE01-41D5-BF34-866CA2B8EEAF}.Release|x64.Build.0 = Release|x64
		{ABC2BD57-AE01-41D5-BF34-866CA2B8EEAF}.Release|x86.ActiveCfg = Release|Win32
		{ABC2BD57-AE01-41D5-BF34-866CA2B8EEAF}.Release|x86.Build.0 = Release|Win32
		{2E2D517E-A251-478B-9E16-B49438249849}.Debug|x64.ActiveCfg = Debug|x64
		{2E2D517E-A251-478B-9E16-B49438249849}.Debug|x64.Build.0 = Debug|x64
		{2E2D517E-A251-478B-9E16-B49438249849}.Debug|x86.ActiveCfg = Debug|Win32
		{2E2D517E-A251-478B-9E16-B49438249849}.Debug|x86.Build.0 = Debug|Win32
		{2E2D517E-A251-478B-9E16-B49438249849}.Release|x64.ActiveCfg = Release|x64
		{2E2D517E-A251-478B-9E16-B49438249849}.Release|x64.Build.0 = Release|x64
		{2E2D517E-A251-478B-9E16-B49438249849}.Release|x86.ActiveCfg = Release|Win32
		{2E2D517E-A251-478B-9E16-B49438249849}.Release|x86.Build.0 = Release|Win32
		{D5519438-A46B-4D08-B53A-7C990F6135D1}.Debug|x64.ActiveCfg = Debug|x64
		{D5519438-A46B-4D08-B53A-7C990F6135D1}.Debug|x64.Build.0 = Debug|x64
		{D5519438-A46B-4D08-B53A-7C990F6135D1}.Debug|x86.ActiveCfg = Debug|Win32
		{D5519438-A46B-4D08-B53A-7C990F6135D1}.Debug|x86.Build.0 = Debug|Win32
		{D5519438-A46B-4D08-B53A-7C990F6135D1}.Release|x64.ActiveCfg = Release|x64
		{D5519438-A46B-4D08-B53A-7C990F6135D1}.Release|x64.Build.0 = Release|x64
		{D5519438-A46B-4D08-B53A-7C990F6135D1}.Release|x86.ActiveCfg = Release|Win32
		{D5519438-A46B-4D08-B53A-7C990F6135D1}.Release|x86.Build.0 = Release|Win32
		{A3984CA4-3C66-4F83-AEA7-2E214B43F820}.Debug|x64.ActiveCfg = Debug|x64
		{A3984CA4-3C66-4F83-AEA7-2E214B43F820}.Debug|x64.Build.0 = Debug|x64
		{A3984CA4-3C66-4F83-AEA7-2E214B43F820}.Debug|x86.ActiveCfg = Debug|Win32
		{A3984CA4-3C66-4F83-AEA7-2E214B43F820}.Debug|x86.Build.0 = Debug|Win32
		{A3984CA4-3C66-4F83-AEA7-2E214B43F820}.Release|x64.ActiveCfg = Release|x64
		{A3984CA4-3C66-4F83-AEA7-2E214B43F820}.Release|x64.Build.0 = Release|x64
		{A3984CA4-3C66-4F83-AEA7-2E214B43F820}.Release|x86.ActiveCfg = Release|Win32
		{A3984CA4-3C66-4F83-AEA7-2E214B43F820}.Release|x86.Build.0 = Release|Win32
		{BB4A7243-33B9-4793-91E0-7DF13785EFBE}.Debug|x64.ActiveCfg = Debug|x64
		{BB4A7243-33B9-4793-91E0-7DF13785EFBE}.Debug|x64.Build.0 = Debug|x64
		{BB4A7243-33B9-4793-91E0-7DF13785EFBE}.Debug|x86.ActiveCfg = Debug|Win32
		{BB4A7243-33B9-4793-91E0-7DF13785EFBE}.Debug|x86.Build.0 = Debug|Win32
		{BB4A7243-33B9-4793-91E0-7DF13785EFBE}.Release|x64.ActiveCfg = Release|x64
		{BB4A7243-33B9-4793-91E0-7DF13785EFBE}.Release|x64.Build.0 = Release|x64
		{BB4A7243-33B9-4793-91E0-7DF13785EFBE}.Release|x86.ActiveCfg = Release|Win32
		{BB4A7243-33B9-4793-91E0-7DF13785EFBE}.Release|x86.Build.0 = Release|Win32
		{61B88443-8A15-42A4-8A07-59A6810BC7FB}.Debug|x64.ActiveCfg = Debug|x64
		{61B88443-8A15-42A4-8A07-59A6810BC7FB}.Debug|x64.Build.0 = Debug|x64
		{61B88443-8A15-42A4-8A07-59A6810BC7FB}.Debug|x86.ActiveCfg = Debug|Win32
		{61B88443-8A15-42A4-8A07-59A6810BC7FB}.Debug|x86.Build.0 = Debug|Win32
		{61B88443-8A15-42A4-8A07-59A6810BC7FB}.Release|x64.ActiveCfg = Release|x64
		{61B88443-8A15-42A4-8A07-59A6810BC7FB}.Release|x64.Build.0 = Release|x64
		{61B88443-8A15-42A4-8A07-59A6810BC7FB}.Release|x86.ActiveCfg = Release|Win32
		{61B88443-8A15-42A4-8A07-59A6810BC7FB}.Release|x86.Build.0 = Release|Win32
		{113308C7-88B4-48B1-A6E2-E97B92322F5D}.Debug|x64.ActiveCfg = Debug|x64
		{113308C7-88B4-48B1-A6E2-E97B92322F5D}.Debug|x64.Build.0 = Debug|x64
		{113308C7-88B4-48B1-A6E2-E97B92322F5D}.Debug|x86.ActiveCfg = Debug|Win32
		{113308C7-88B4-48B1-A6E2-E97B92322F5D}.Debug|x86.Build.0 = Debug|Win32
		{113308C7-88B4-48B1-A6E2-E97B92322F5D}.Release|x64.ActiveCfg = Release|x64
		{113308C7-88B4-48B1-A6E2-E97B92322F5D}.Release|x64.Build.0 = Release|x64
		{113308C7-88B4-48B1-A6E2-E97B92322F5D}.Release|x86.ActiveCfg = Release|Win32
		{113308C7-88B4-48B1-A6E2-E97B92322F5D}.Release|x86.Build.0 = Release|Win32
		{D52E6F8D-9FA8-4432-911A-44C3A6C4D4AF}.Debug|x64.ActiveCfg = Debug|x64
		{D52E6F8D-9FA8-4432-911A-44C3A6C4D4AF}.Debug|x64.Build.0 = Debug|x64
		{D52E6F8D-9FA8-4432-911A-44C3A6C4D4AF}.Debug|x86.ActiveCfg = Debug|Win32
		{D52E6F8D-9FA8-4432-911A-44C3A6C4D4AF}.Debug|x86.Build.0 = Debug|Win32
		{D52E6F8D-9FA8-4432-911A-44C3A6C4D4AF}.Release|x64.ActiveCfg = Release|x64
		{D52E6F8D-9FA8-4432-911A-44C3A6C4D4AF}.Release|x64.Build.0 = Release|x64
		{D52E6F8D-9FA8-4432-911A-44C3A6C4D4AF}.Release|x86.ActiveCfg = Release|Win32
		{D52E6F8D-9FA8-4432-911A-44C3A6C4D4AF}.Release|x86.Build.0 = Release|Win32
		{D3F2FDF9-AFF4-4429-8EE0-BECDF6E08E62}.Debug|x64.ActiveCfg = Debug|x64
		{D3F2FDF9-AFF4-4429-8EE0-BECDF6E08E62}.Debug|x64.Build.0 = Debug|x64
		{D3F2FDF9-AFF4-4429-8EE0-BECDF6E08E62}.Debug|x86.ActiveCfg = Debug|Win32
		{D3F2FDF9-AFF4-4429-8EE0-BECDF6E08E62}.Debug|x86.Build.0 = Debug|Win32
		{D3F2FDF9-AFF4-4429-8EE0-BECDF6E08E62}.Release|x64.ActiveCfg = Release|x64
		{D3F2FDF9-AFF4-4429-8EE0-BECDF6E08E62}.Release|x64.Build.0 = Release|x64
		{D3F2FDF9-AFF4-4429-8EE0-BECDF6E08E62}.Release|x86.ActiveCfg = Release|Win32
		{D3F2FDF9-AFF4-4429-8EE0-BECDF6E08E62}.Release|x86.Build.0 = Release|Win32
		{0E3F6B9C-41C6-4966-8B75-F508ABE8960F}.Debug|x64.ActiveCfg = Debug|x64
		{0E3F6B9C-41C6-4966-8B75-F508ABE8960F}.Debug|x64.Build.0 = Debug|x64
		{0E3F6B9C-41C6-4966-8B75-F508ABE8960F}.Debug|x86.ActiveCfg = Debug|Win32
		{0E3F6B9C-41C6-4966-8B75-F508ABE8960F}.Debug|x86.Build.0 = Debug|Win32
		{0E3F6B9C-41C6-4966-8B75-F508ABE8960F}.Release|x64.ActiveCfg = Release|x64
		{0E3F6B9C-41C6-4966-8B75-F508ABE8960F}.Release|x64.Build.0 = Release|x64
		{0E3F6B9C-41C6-4966-8B75-F508ABE8960F}.Release|x86.ActiveCfg = Release|Win32
		{0E3F6B9C-41C6-4966-8B75-F508ABE8960F}.Release|x86.Build.0 = Release|Win32
		{2E2596A7-ED19-4BBF-9309-BEF17804E292}.Debug|x64.ActiveCfg = Debug|x64
		{2E2596A7-ED19-4BBF-9309-BEF17804E292}.Debug|x64.Build.0 = Debug|x64
		{2E2596A7-ED19-4BBF-9309-BEF17804E292}.Debug|x86.ActiveCfg = Debug|Win32
		{2E2596A7-ED19-4BBF-9309-BEF17804E292}.Debug|x86.Build.0 = Debug|Win32
		{2E2596A7-ED19-4BBF-9309-BEF17804E292}.Release|x64.ActiveCfg = Release|x64
		{2E2596A7-ED19-4BBF-9309-BEF17804E292}.Release|x64.Build.0 = Release|x64
		{2E2596A7-ED19-4BBF-9309-BEF17804E292}.Release|x86.ActiveCfg = Release|Win32
		{2E2596A7-ED19-4BBF-9309-BEF17804E292}.Release|x86.Build.0 = Release|Win32
		{F8DC6797-A800-4EDA-8C44-8406B630DE2C}.Debug|x64.ActiveCfg = Debug|x64
		{F8DC6797-A800-4EDA-8C44-8406B630DE2C}.Debug|x64.Build.0 = Debug|x64
		{F8DC6797-A800-4EDA-8C44-8406B630DE2C}.Debug|x86.ActiveCfg = Debug|Win32
		{F8DC6797-A800-4EDA-8C44-8406B630DE2C}.Debug|x86.Build.0 = Debug|Win32
		{F8DC6797-A800-4EDA-8C44-8406B630DE2C}.Release|x64.ActiveCfg = Release|x64
		{F8DC6797-A800-4EDA-8C44-8406B630DE2C}.Release|x64.Build.0 = Release|x64
		{F8DC6797-A800-4EDA-8C44-8406B630DE2C}.Release|x86.ActiveCfg = Release|Win32
		{F8DC6797-A800-4EDA-8C44-8406B630DE2C}.Release|x86.Build.0 = Release|Win32
	EndGlobalSection
	GlobalSection(SolutionProperties) = preSolution
		HideSolutionNode = FALSE
	EndGlobalSection
	GlobalSection(ExtensibilityGlobals) = postSolution
		SolutionGuid = {012AFD0E-DB38-41A1-9C2D-C1D56376300B}
	EndGlobalSection
EndGlobal
